
Microsoft Visual Studio Solution File, Format Version 12.00
# Visual Studio 15
VisualStudioVersion = 15.0.28307.421
MinimumVisualStudioVersion = 10.0.40219.1
Project("{FAE04EC0-301F-11D3-BF4B-00C04F79EFBC}") = "WebBai3Control", "WebBai3Control\WebBai3Control.csproj", "{7EE98E47-2474-4473-AD4A-CED3FB853EB5}"
EndProject
Project("{FAE04EC0-301F-11D3-BF4B-00C04F79EFBC}") = "TinhTienDien", "TinhTienDien\TinhTienDien.csproj", "{F62DA065-ECB9-4959-AA61-AF5A152719CD}"
EndProject
Project("{FAE04EC0-301F-11D3-BF4B-00C04F79EFBC}") = "Bai3_1621050727_DinhThiHaiYen", "Bai3_1621050727_DinhThiHaiYen\Bai3_1621050727_DinhThiHaiYen.csproj", "{8B20CBA2-D7A0-4D16-A93E-F8413E4BFE0E}"
EndProject
Project("{FAE04EC0-301F-11D3-BF4B-00C04F79EFBC}") = "BTH4_Validation", "BTH4_Validation\BTH4_Validation.csproj", "{DC2158BC-BA2D-43E4-A5CA-2AEBC2B1DFC2}"
EndProject
Global
	GlobalSection(SolutionConfigurationPlatforms) = preSolution
		Debug|Any CPU = Debug|Any CPU
		Release|Any CPU = Release|Any CPU
	EndGlobalSection
	GlobalSection(ProjectConfigurationPlatforms) = postSolution
		{7EE98E47-2474-4473-AD4A-CED3FB853EB5}.Debug|Any CPU.ActiveCfg = Debug|Any CPU
		{7EE98E47-2474-4473-AD4A-CED3FB853EB5}.Debug|Any CPU.Build.0 = Debug|Any CPU
		{7EE98E47-2474-4473-AD4A-CED3FB853EB5}.Release|Any CPU.ActiveCfg = Release|Any CPU
		{7EE98E47-2474-4473-AD4A-CED3FB853EB5}.Release|Any CPU.Build.0 = Release|Any CPU
		{F62DA065-ECB9-4959-AA61-AF5A152719CD}.Debug|Any CPU.ActiveCfg = Debug|Any CPU
		{F62DA065-ECB9-4959-AA61-AF5A152719CD}.Debug|Any CPU.Build.0 = Debug|Any CPU
		{F62DA065-ECB9-4959-AA61-AF5A152719CD}.Release|Any CPU.ActiveCfg = Release|Any CPU
		{F62DA065-ECB9-4959-AA61-AF5A152719CD}.Release|Any CPU.Build.0 = Release|Any CPU
		{8B20CBA2-D7A0-4D16-A93E-F8413E4BFE0E}.Debug|Any CPU.ActiveCfg = Debug|Any CPU
		{8B20CBA2-D7A0-4D16-A93E-F8413E4BFE0E}.Debug|Any CPU.Build.0 = Debug|Any CPU
		{8B20CBA2-D7A0-4D16-A93E-F8413E4BFE0E}.Release|Any CPU.ActiveCfg = Release|Any CPU
		{8B20CBA2-D7A0-4D16-A93E-F8413E4BFE0E}.Release|Any CPU.Build.0 = Release|Any CPU
		{DC2158BC-BA2D-43E4-A5CA-2AEBC2B1DFC2}.Debug|Any CPU.ActiveCfg = Debug|Any CPU
		{DC2158BC-BA2D-43E4-A5CA-2AEBC2B1DFC2}.Debug|Any CPU.Build.0 = Debug|Any CPU
		{DC2158BC-BA2D-43E4-A5CA-2AEBC2B1DFC2}.Release|Any CPU.ActiveCfg = Release|Any CPU
		{DC2158BC-BA2D-43E4-A5CA-2AEBC2B1DFC2}.Release|Any CPU.Build.0 = Release|Any CPU
	EndGlobalSection
	GlobalSection(SolutionProperties) = preSolution
		HideSolutionNode = FALSE
	EndGlobalSection
	GlobalSection(ExtensibilityGlobals) = postSolution
		SolutionGuid = {5F312886-7283-4256-BFC2-9BBC68DB966B}
	EndGlobalSection
EndGlobal
